
Microsoft Visual Studio Solution File, Format Version 12.00
# Visual Studio 14
VisualStudioVersion = 14.0.23107.0
MinimumVisualStudioVersion = 10.0.40219.1
Project("{FAE04EC0-301F-11D3-BF4B-00C04F79EFBC}") = "PdfSample.Droid", "PdfSample\PdfSample.Droid\PdfSample.Droid.csproj", "{14E22D15-B21A-4762-B5BF-91BA683510B9}"
EndProject
Project("{FAE04EC0-301F-11D3-BF4B-00C04F79EFBC}") = "PdfSample.iOS", "PdfSample\PdfSample.iOS\PdfSample.iOS.csproj", "{CEE0FDDD-C13A-45B6-848D-58B0482C2666}"
EndProject
Project("{FAE04EC0-301F-11D3-BF4B-00C04F79EFBC}") = "PdfSample.WinPhone", "PdfSample\PdfSample.WinPhone\PdfSample.WinPhone.csproj", "{6FB3A37B-A506-4482-9270-F239C9172513}"
EndProject
Project("{FAE04EC0-301F-11D3-BF4B-00C04F79EFBC}") = "PdfSample.UWP", "PdfSample\PdfSample.UWP\PdfSample.UWP.csproj", "{3D9D83A1-81EB-47AC-AAC9-3936AB32E664}"
EndProject
Project("{FAE04EC0-301F-11D3-BF4B-00C04F79EFBC}") = "PdfSample.Windows", "PdfSample\PdfSample.Windows\PdfSample.Windows.csproj", "{3F4B5332-CDE5-4D0B-B1A9-D2D31A6DA9C0}"
EndProject
Project("{FAE04EC0-301F-11D3-BF4B-00C04F79EFBC}") = "PdfSample", "PdfSample\PdfSample\PdfSample.csproj", "{F4EB55A1-FDD0-4B79-AAD1-9587FABB2F7B}"
EndProject
Global
	GlobalSection(SolutionConfigurationPlatforms) = preSolution
		Ad-Hoc|Any CPU = Ad-Hoc|Any CPU
		Ad-Hoc|ARM = Ad-Hoc|ARM
		Ad-Hoc|iPhone = Ad-Hoc|iPhone
		Ad-Hoc|iPhoneSimulator = Ad-Hoc|iPhoneSimulator
		Ad-Hoc|x64 = Ad-Hoc|x64
		Ad-Hoc|x86 = Ad-Hoc|x86
		AppStore|Any CPU = AppStore|Any CPU
		AppStore|ARM = AppStore|ARM
		AppStore|iPhone = AppStore|iPhone
		AppStore|iPhoneSimulator = AppStore|iPhoneSimulator
		AppStore|x64 = AppStore|x64
		AppStore|x86 = AppStore|x86
		Debug|Any CPU = Debug|Any CPU
		Debug|ARM = Debug|ARM
		Debug|iPhone = Debug|iPhone
		Debug|iPhoneSimulator = Debug|iPhoneSimulator
		Debug|x64 = Debug|x64
		Debug|x86 = Debug|x86
		Release|Any CPU = Release|Any CPU
		Release|ARM = Release|ARM
		Release|iPhone = Release|iPhone
		Release|iPhoneSimulator = Release|iPhoneSimulator
		Release|x64 = Release|x64
		Release|x86 = Release|x86
	EndGlobalSection
	GlobalSection(ProjectConfigurationPlatforms) = postSolution
		{14E22D15-B21A-4762-B5BF-91BA683510B9}.Ad-Hoc|Any CPU.ActiveCfg = Release|Any CPU
		{14E22D15-B21A-4762-B5BF-91BA683510B9}.Ad-Hoc|Any CPU.Build.0 = Release|Any CPU
		{14E22D15-B21A-4762-B5BF-91BA683510B9}.Ad-Hoc|Any CPU.Deploy.0 = Release|Any CPU
		{14E22D15-B21A-4762-B5BF-91BA683510B9}.Ad-Hoc|ARM.ActiveCfg = Release|Any CPU
		{14E22D15-B21A-4762-B5BF-91BA683510B9}.Ad-Hoc|ARM.Build.0 = Release|Any CPU
		{14E22D15-B21A-4762-B5BF-91BA683510B9}.Ad-Hoc|ARM.Deploy.0 = Release|Any CPU
		{14E22D15-B21A-4762-B5BF-91BA683510B9}.Ad-Hoc|iPhone.ActiveCfg = Release|Any CPU
		{14E22D15-B21A-4762-B5BF-91BA683510B9}.Ad-Hoc|iPhone.Build.0 = Release|Any CPU
		{14E22D15-B21A-4762-B5BF-91BA683510B9}.Ad-Hoc|iPhone.Deploy.0 = Release|Any CPU
		{14E22D15-B21A-4762-B5BF-91BA683510B9}.Ad-Hoc|iPhoneSimulator.ActiveCfg = Release|Any CPU
		{14E22D15-B21A-4762-B5BF-91BA683510B9}.Ad-Hoc|iPhoneSimulator.Build.0 = Release|Any CPU
		{14E22D15-B21A-4762-B5BF-91BA683510B9}.Ad-Hoc|iPhoneSimulator.Deploy.0 = Release|Any CPU
		{14E22D15-B21A-4762-B5BF-91BA683510B9}.Ad-Hoc|x64.ActiveCfg = Release|Any CPU
		{14E22D15-B21A-4762-B5BF-91BA683510B9}.Ad-Hoc|x64.Build.0 = Release|Any CPU
		{14E22D15-B21A-4762-B5BF-91BA683510B9}.Ad-Hoc|x64.Deploy.0 = Release|Any CPU
		{14E22D15-B21A-4762-B5BF-91BA683510B9}.Ad-Hoc|x86.ActiveCfg = Release|Any CPU
		{14E22D15-B21A-4762-B5BF-91BA683510B9}.Ad-Hoc|x86.Build.0 = Release|Any CPU
		{14E22D15-B21A-4762-B5BF-91BA683510B9}.Ad-Hoc|x86.Deploy.0 = Release|Any CPU
		{14E22D15-B21A-4762-B5BF-91BA683510B9}.AppStore|Any CPU.ActiveCfg = Release|Any CPU
		{14E22D15-B21A-4762-B5BF-91BA683510B9}.AppStore|Any CPU.Build.0 = Release|Any CPU
		{14E22D15-B21A-4762-B5BF-91BA683510B9}.AppStore|Any CPU.Deploy.0 = Release|Any CPU
		{14E22D15-B21A-4762-B5BF-91BA683510B9}.AppStore|ARM.ActiveCfg = Release|Any CPU
		{14E22D15-B21A-4762-B5BF-91BA683510B9}.AppStore|ARM.Build.0 = Release|Any CPU
		{14E22D15-B21A-4762-B5BF-91BA683510B9}.AppStore|ARM.Deploy.0 = Release|Any CPU
		{14E22D15-B21A-4762-B5BF-91BA683510B9}.AppStore|iPhone.ActiveCfg = Release|Any CPU
		{14E22D15-B21A-4762-B5BF-91BA683510B9}.AppStore|iPhone.Build.0 = Release|Any CPU
		{14E22D15-B21A-4762-B5BF-91BA683510B9}.AppStore|iPhone.Deploy.0 = Release|Any CPU
		{14E22D15-B21A-4762-B5BF-91BA683510B9}.AppStore|iPhoneSimulator.ActiveCfg = Release|Any CPU
		{14E22D15-B21A-4762-B5BF-91BA683510B9}.AppStore|iPhoneSimulator.Build.0 = Release|Any CPU
		{14E22D15-B21A-4762-B5BF-91BA683510B9}.AppStore|iPhoneSimulator.Deploy.0 = Release|Any CPU
		{14E22D15-B21A-4762-B5BF-91BA683510B9}.AppStore|x64.ActiveCfg = Release|Any CPU
		{14E22D15-B21A-4762-B5BF-91BA683510B9}.AppStore|x64.Build.0 = Release|Any CPU
		{14E22D15-B21A-4762-B5BF-91BA683510B9}.AppStore|x64.Deploy.0 = Release|Any CPU
		{14E22D15-B21A-4762-B5BF-91BA683510B9}.AppStore|x86.ActiveCfg = Release|Any CPU
		{14E22D15-B21A-4762-B5BF-91BA683510B9}.AppStore|x86.Build.0 = Release|Any CPU
		{14E22D15-B21A-4762-B5BF-91BA683510B9}.AppStore|x86.Deploy.0 = Release|Any CPU
		{14E22D15-B21A-4762-B5BF-91BA683510B9}.Debug|Any CPU.ActiveCfg = Debug|Any CPU
		{14E22D15-B21A-4762-B5BF-91BA683510B9}.Debug|Any CPU.Build.0 = Debug|Any CPU
		{14E22D15-B21A-4762-B5BF-91BA683510B9}.Debug|Any CPU.Deploy.0 = Debug|Any CPU
		{14E22D15-B21A-4762-B5BF-91BA683510B9}.Debug|ARM.ActiveCfg = Debug|Any CPU
		{14E22D15-B21A-4762-B5BF-91BA683510B9}.Debug|ARM.Build.0 = Debug|Any CPU
		{14E22D15-B21A-4762-B5BF-91BA683510B9}.Debug|ARM.Deploy.0 = Debug|Any CPU
		{14E22D15-B21A-4762-B5BF-91BA683510B9}.Debug|iPhone.ActiveCfg = Debug|Any CPU
		{14E22D15-B21A-4762-B5BF-91BA683510B9}.Debug|iPhone.Build.0 = Debug|Any CPU
		{14E22D15-B21A-4762-B5BF-91BA683510B9}.Debug|iPhone.Deploy.0 = Debug|Any CPU
		{14E22D15-B21A-4762-B5BF-91BA683510B9}.Debug|iPhoneSimulator.ActiveCfg = Debug|Any CPU
		{14E22D15-B21A-4762-B5BF-91BA683510B9}.Debug|iPhoneSimulator.Build.0 = Debug|Any CPU
		{14E22D15-B21A-4762-B5BF-91BA683510B9}.Debug|iPhoneSimulator.Deploy.0 = Debug|Any CPU
		{14E22D15-B21A-4762-B5BF-91BA683510B9}.Debug|x64.ActiveCfg = Debug|Any CPU
		{14E22D15-B21A-4762-B5BF-91BA683510B9}.Debug|x64.Build.0 = Debug|Any CPU
		{14E22D15-B21A-4762-B5BF-91BA683510B9}.Debug|x64.Deploy.0 = Debug|Any CPU
		{14E22D15-B21A-4762-B5BF-91BA683510B9}.Debug|x86.ActiveCfg = Debug|Any CPU
		{14E22D15-B21A-4762-B5BF-91BA683510B9}.Debug|x86.Build.0 = Debug|Any CPU
		{14E22D15-B21A-4762-B5BF-91BA683510B9}.Debug|x86.Deploy.0 = Debug|Any CPU
		{14E22D15-B21A-4762-B5BF-91BA683510B9}.Release|Any CPU.ActiveCfg = Release|Any CPU
		{14E22D15-B21A-4762-B5BF-91BA683510B9}.Release|Any CPU.Build.0 = Release|Any CPU
		{14E22D15-B21A-4762-B5BF-91BA683510B9}.Release|Any CPU.Deploy.0 = Release|Any CPU
		{14E22D15-B21A-4762-B5BF-91BA683510B9}.Release|ARM.ActiveCfg = Release|Any CPU
		{14E22D15-B21A-4762-B5BF-91BA683510B9}.Release|ARM.Build.0 = Release|Any CPU
		{14E22D15-B21A-4762-B5BF-91BA683510B9}.Release|ARM.Deploy.0 = Release|Any CPU
		{14E22D15-B21A-4762-B5BF-91BA683510B9}.Release|iPhone.ActiveCfg = Release|Any CPU
		{14E22D15-B21A-4762-B5BF-91BA683510B9}.Release|iPhone.Build.0 = Release|Any CPU
		{14E22D15-B21A-4762-B5BF-91BA683510B9}.Release|iPhone.Deploy.0 = Release|Any CPU
		{14E22D15-B21A-4762-B5BF-91BA683510B9}.Release|iPhoneSimulator.ActiveCfg = Release|Any CPU
		{14E22D15-B21A-4762-B5BF-91BA683510B9}.Release|iPhoneSimulator.Build.0 = Release|Any CPU
		{14E22D15-B21A-4762-B5BF-91BA683510B9}.Release|iPhoneSimulator.Deploy.0 = Release|Any CPU
		{14E22D15-B21A-4762-B5BF-91BA683510B9}.Release|x64.ActiveCfg = Release|Any CPU
		{14E22D15-B21A-4762-B5BF-91BA683510B9}.Release|x64.Build.0 = Release|Any CPU
		{14E22D15-B21A-4762-B5BF-91BA683510B9}.Release|x64.Deploy.0 = Release|Any CPU
		{14E22D15-B21A-4762-B5BF-91BA683510B9}.Release|x86.ActiveCfg = Release|Any CPU
		{14E22D15-B21A-4762-B5BF-91BA683510B9}.Release|x86.Build.0 = Release|Any CPU
		{14E22D15-B21A-4762-B5BF-91BA683510B9}.Release|x86.Deploy.0 = Release|Any CPU
		{CEE0FDDD-C13A-45B6-848D-58B0482C2666}.Ad-Hoc|Any CPU.ActiveCfg = Ad-Hoc|iPhone
		{CEE0FDDD-C13A-45B6-848D-58B0482C2666}.Ad-Hoc|ARM.ActiveCfg = Ad-Hoc|iPhone
		{CEE0FDDD-C13A-45B6-848D-58B0482C2666}.Ad-Hoc|iPhone.ActiveCfg = Ad-Hoc|iPhone
		{CEE0FDDD-C13A-45B6-848D-58B0482C2666}.Ad-Hoc|iPhone.Build.0 = Ad-Hoc|iPhone
		{CEE0FDDD-C13A-45B6-848D-58B0482C2666}.Ad-Hoc|iPhoneSimulator.ActiveCfg = Ad-Hoc|iPhoneSimulator
		{CEE0FDDD-C13A-45B6-848D-58B0482C2666}.Ad-Hoc|iPhoneSimulator.Build.0 = Ad-Hoc|iPhoneSimulator
		{CEE0FDDD-C13A-45B6-848D-58B0482C2666}.Ad-Hoc|x64.ActiveCfg = Ad-Hoc|iPhone
		{CEE0FDDD-C13A-45B6-848D-58B0482C2666}.Ad-Hoc|x86.ActiveCfg = Ad-Hoc|iPhone
		{CEE0FDDD-C13A-45B6-848D-58B0482C2666}.AppStore|Any CPU.ActiveCfg = AppStore|iPhone
		{CEE0FDDD-C13A-45B6-848D-58B0482C2666}.AppStore|ARM.ActiveCfg = AppStore|iPhone
		{CEE0FDDD-C13A-45B6-848D-58B0482C2666}.AppStore|iPhone.ActiveCfg = AppStore|iPhone
		{CEE0FDDD-C13A-45B6-848D-58B0482C2666}.AppStore|iPhone.Build.0 = AppStore|iPhone
		{CEE0FDDD-C13A-45B6-848D-58B0482C2666}.AppStore|iPhoneSimulator.ActiveCfg = AppStore|iPhoneSimulator
		{CEE0FDDD-C13A-45B6-848D-58B0482C2666}.AppStore|iPhoneSimulator.Build.0 = AppStore|iPhoneSimulator
		{CEE0FDDD-C13A-45B6-848D-58B0482C2666}.AppStore|x64.ActiveCfg = AppStore|iPhone
		{CEE0FDDD-C13A-45B6-848D-58B0482C2666}.AppStore|x86.ActiveCfg = AppStore|iPhone
		{CEE0FDDD-C13A-45B6-848D-58B0482C2666}.Debug|Any CPU.ActiveCfg = Debug|iPhone
		{CEE0FDDD-C13A-45B6-848D-58B0482C2666}.Debug|ARM.ActiveCfg = Debug|iPhone
		{CEE0FDDD-C13A-45B6-848D-58B0482C2666}.Debug|iPhone.ActiveCfg = Debug|iPhone
		{CEE0FDDD-C13A-45B6-848D-58B0482C2666}.Debug|iPhone.Build.0 = Debug|iPhone
		{CEE0FDDD-C13A-45B6-848D-58B0482C2666}.Debug|iPhoneSimulator.ActiveCfg = Debug|iPhoneSimulator
		{CEE0FDDD-C13A-45B6-848D-58B0482C2666}.Debug|iPhoneSimulator.Build.0 = Debug|iPhoneSimulator
		{CEE0FDDD-C13A-45B6-848D-58B0482C2666}.Debug|x64.ActiveCfg = Debug|iPhone
		{CEE0FDDD-C13A-45B6-848D-58B0482C2666}.Debug|x86.ActiveCfg = Debug|iPhone
		{CEE0FDDD-C13A-45B6-848D-58B0482C2666}.Release|Any CPU.ActiveCfg = Release|iPhone
		{CEE0FDDD-C13A-45B6-848D-58B0482C2666}.Release|ARM.ActiveCfg = Release|iPhone
		{CEE0FDDD-C13A-45B6-848D-58B0482C2666}.Release|iPhone.ActiveCfg = Release|iPhone
		{CEE0FDDD-C13A-45B6-848D-58B0482C2666}.Release|iPhone.Build.0 = Release|iPhone
		{CEE0FDDD-C13A-45B6-848D-58B0482C2666}.Release|iPhoneSimulator.ActiveCfg = Release|iPhoneSimulator
		{CEE0FDDD-C13A-45B6-848D-58B0482C2666}.Release|iPhoneSimulator.Build.0 = Release|iPhoneSimulator
		{CEE0FDDD-C13A-45B6-848D-58B0482C2666}.Release|x64.ActiveCfg = Release|iPhone
		{CEE0FDDD-C13A-45B6-848D-58B0482C2666}.Release|x86.ActiveCfg = Release|iPhone
		{6FB3A37B-A506-4482-9270-F239C9172513}.Ad-Hoc|Any CPU.ActiveCfg = Release|Any CPU
		{6FB3A37B-A506-4482-9270-F239C9172513}.Ad-Hoc|Any CPU.Build.0 = Release|Any CPU
		{6FB3A37B-A506-4482-9270-F239C9172513}.Ad-Hoc|Any CPU.Deploy.0 = Release|Any CPU
		{6FB3A37B-A506-4482-9270-F239C9172513}.Ad-Hoc|ARM.ActiveCfg = Release|ARM
		{6FB3A37B-A506-4482-9270-F239C9172513}.Ad-Hoc|ARM.Build.0 = Release|ARM
		{6FB3A37B-A506-4482-9270-F239C9172513}.Ad-Hoc|ARM.Deploy.0 = Release|ARM
		{6FB3A37B-A506-4482-9270-F239C9172513}.Ad-Hoc|iPhone.ActiveCfg = Release|Any CPU
		{6FB3A37B-A506-4482-9270-F239C9172513}.Ad-Hoc|iPhone.Build.0 = Release|Any CPU
		{6FB3A37B-A506-4482-9270-F239C9172513}.Ad-Hoc|iPhone.Deploy.0 = Release|Any CPU
		{6FB3A37B-A506-4482-9270-F239C9172513}.Ad-Hoc|iPhoneSimulator.ActiveCfg = Release|Any CPU
		{6FB3A37B-A506-4482-9270-F239C9172513}.Ad-Hoc|iPhoneSimulator.Build.0 = Release|Any CPU
		{6FB3A37B-A506-4482-9270-F239C9172513}.Ad-Hoc|iPhoneSimulator.Deploy.0 = Release|Any CPU
		{6FB3A37B-A506-4482-9270-F239C9172513}.Ad-Hoc|x64.ActiveCfg = Release|Any CPU
		{6FB3A37B-A506-4482-9270-F239C9172513}.Ad-Hoc|x64.Build.0 = Release|Any CPU
		{6FB3A37B-A506-4482-9270-F239C9172513}.Ad-Hoc|x64.Deploy.0 = Release|Any CPU
		{6FB3A37B-A506-4482-9270-F239C9172513}.Ad-Hoc|x86.ActiveCfg = Release|x86
		{6FB3A37B-A506-4482-9270-F239C9172513}.Ad-Hoc|x86.Build.0 = Release|x86
		{6FB3A37B-A506-4482-9270-F239C9172513}.Ad-Hoc|x86.Deploy.0 = Release|x86
		{6FB3A37B-A506-4482-9270-F239C9172513}.AppStore|Any CPU.ActiveCfg = Release|Any CPU
		{6FB3A37B-A506-4482-9270-F239C9172513}.AppStore|Any CPU.Build.0 = Release|Any CPU
		{6FB3A37B-A506-4482-9270-F239C9172513}.AppStore|Any CPU.Deploy.0 = Release|Any CPU
		{6FB3A37B-A506-4482-9270-F239C9172513}.AppStore|ARM.ActiveCfg = Release|ARM
		{6FB3A37B-A506-4482-9270-F239C9172513}.AppStore|ARM.Build.0 = Release|ARM
		{6FB3A37B-A506-4482-9270-F239C9172513}.AppStore|ARM.Deploy.0 = Release|ARM
		{6FB3A37B-A506-4482-9270-F239C9172513}.AppStore|iPhone.ActiveCfg = Release|Any CPU
		{6FB3A37B-A506-4482-9270-F239C9172513}.AppStore|iPhone.Build.0 = Release|Any CPU
		{6FB3A37B-A506-4482-9270-F239C9172513}.AppStore|iPhone.Deploy.0 = Release|Any CPU
		{6FB3A37B-A506-4482-9270-F239C9172513}.AppStore|iPhoneSimulator.ActiveCfg = Release|Any CPU
		{6FB3A37B-A506-4482-9270-F239C9172513}.AppStore|iPhoneSimulator.Build.0 = Release|Any CPU
		{6FB3A37B-A506-4482-9270-F239C9172513}.AppStore|iPhoneSimulator.Deploy.0 = Release|Any CPU
		{6FB3A37B-A506-4482-9270-F239C9172513}.AppStore|x64.ActiveCfg = Release|Any CPU
		{6FB3A37B-A506-4482-9270-F239C9172513}.AppStore|x64.Build.0 = Release|Any CPU
		{6FB3A37B-A506-4482-9270-F239C9172513}.AppStore|x64.Deploy.0 = Release|Any CPU
		{6FB3A37B-A506-4482-9270-F239C9172513}.AppStore|x86.ActiveCfg = Release|x86
		{6FB3A37B-A506-4482-9270-F239C9172513}.AppStore|x86.Build.0 = Release|x86
		{6FB3A37B-A506-4482-9270-F239C9172513}.AppStore|x86.Deploy.0 = Release|x86
		{6FB3A37B-A506-4482-9270-F239C9172513}.Debug|Any CPU.ActiveCfg = Debug|Any CPU
		{6FB3A37B-A506-4482-9270-F239C9172513}.Debug|Any CPU.Build.0 = Debug|Any CPU
		{6FB3A37B-A506-4482-9270-F239C9172513}.Debug|Any CPU.Deploy.0 = Debug|Any CPU
		{6FB3A37B-A506-4482-9270-F239C9172513}.Debug|ARM.ActiveCfg = Debug|ARM
		{6FB3A37B-A506-4482-9270-F239C9172513}.Debug|ARM.Build.0 = Debug|ARM
		{6FB3A37B-A506-4482-9270-F239C9172513}.Debug|ARM.Deploy.0 = Debug|ARM
		{6FB3A37B-A506-4482-9270-F239C9172513}.Debug|iPhone.ActiveCfg = Debug|Any CPU
		{6FB3A37B-A506-4482-9270-F239C9172513}.Debug|iPhone.Build.0 = Debug|Any CPU
		{6FB3A37B-A506-4482-9270-F239C9172513}.Debug|iPhone.Deploy.0 = Debug|Any CPU
		{6FB3A37B-A506-4482-9270-F239C9172513}.Debug|iPhoneSimulator.ActiveCfg = Debug|Any CPU
		{6FB3A37B-A506-4482-9270-F239C9172513}.Debug|iPhoneSimulator.Build.0 = Debug|Any CPU
		{6FB3A37B-A506-4482-9270-F239C9172513}.Debug|iPhoneSimulator.Deploy.0 = Debug|Any CPU
		{6FB3A37B-A506-4482-9270-F239C9172513}.Debug|x64.ActiveCfg = Debug|Any CPU
		{6FB3A37B-A506-4482-9270-F239C9172513}.Debug|x64.Build.0 = Debug|Any CPU
		{6FB3A37B-A506-4482-9270-F239C9172513}.Debug|x64.Deploy.0 = Debug|Any CPU
		{6FB3A37B-A506-4482-9270-F239C9172513}.Debug|x86.ActiveCfg = Debug|x86
		{6FB3A37B-A506-4482-9270-F239C9172513}.Debug|x86.Build.0 = Debug|x86
		{6FB3A37B-A506-4482-9270-F239C9172513}.Debug|x86.Deploy.0 = Debug|x86
		{6FB3A37B-A506-4482-9270-F239C9172513}.Release|Any CPU.ActiveCfg = Release|Any CPU
		{6FB3A37B-A506-4482-9270-F239C9172513}.Release|Any CPU.Build.0 = Release|Any CPU
		{6FB3A37B-A506-4482-9270-F239C9172513}.Release|Any CPU.Deploy.0 = Release|Any CPU
		{6FB3A37B-A506-4482-9270-F239C9172513}.Release|ARM.ActiveCfg = Release|ARM
		{6FB3A37B-A506-4482-9270-F239C9172513}.Release|ARM.Build.0 = Release|ARM
		{6FB3A37B-A506-4482-9270-F239C9172513}.Release|ARM.Deploy.0 = Release|ARM
		{6FB3A37B-A506-4482-9270-F239C9172513}.Release|iPhone.ActiveCfg = Release|Any CPU
		{6FB3A37B-A506-4482-9270-F239C9172513}.Release|iPhone.Build.0 = Release|Any CPU
		{6FB3A37B-A506-4482-9270-F239C9172513}.Release|iPhone.Deploy.0 = Release|Any CPU
		{6FB3A37B-A506-4482-9270-F239C9172513}.Release|iPhoneSimulator.ActiveCfg = Release|Any CPU
		{6FB3A37B-A506-4482-9270-F239C9172513}.Release|iPhoneSimulator.Build.0 = Release|Any CPU
		{6FB3A37B-A506-4482-9270-F239C9172513}.Release|iPhoneSimulator.Deploy.0 = Release|Any CPU
		{6FB3A37B-A506-4482-9270-F239C9172513}.Release|x64.ActiveCfg = Release|Any CPU
		{6FB3A37B-A506-4482-9270-F239C9172513}.Release|x64.Build.0 = Release|Any CPU
		{6FB3A37B-A506-4482-9270-F239C9172513}.Release|x64.Deploy.0 = Release|Any CPU
		{6FB3A37B-A506-4482-9270-F239C9172513}.Release|x86.ActiveCfg = Release|x86
		{6FB3A37B-A506-4482-9270-F239C9172513}.Release|x86.Build.0 = Release|x86
		{6FB3A37B-A506-4482-9270-F239C9172513}.Release|x86.Deploy.0 = Release|x86
		{3D9D83A1-81EB-47AC-AAC9-3936AB32E664}.Ad-Hoc|Any CPU.ActiveCfg = Release|x86
		{3D9D83A1-81EB-47AC-AAC9-3936AB32E664}.Ad-Hoc|Any CPU.Build.0 = Release|x86
		{3D9D83A1-81EB-47AC-AAC9-3936AB32E664}.Ad-Hoc|Any CPU.Deploy.0 = Release|x86
		{3D9D83A1-81EB-47AC-AAC9-3936AB32E664}.Ad-Hoc|ARM.ActiveCfg = Release|ARM
		{3D9D83A1-81EB-47AC-AAC9-3936AB32E664}.Ad-Hoc|ARM.Build.0 = Release|ARM
		{3D9D83A1-81EB-47AC-AAC9-3936AB32E664}.Ad-Hoc|ARM.Deploy.0 = Release|ARM
		{3D9D83A1-81EB-47AC-AAC9-3936AB32E664}.Ad-Hoc|iPhone.ActiveCfg = Release|x86
		{3D9D83A1-81EB-47AC-AAC9-3936AB32E664}.Ad-Hoc|iPhone.Build.0 = Release|x86
		{3D9D83A1-81EB-47AC-AAC9-3936AB32E664}.Ad-Hoc|iPhone.Deploy.0 = Release|x86
		{3D9D83A1-81EB-47AC-AAC9-3936AB32E664}.Ad-Hoc|iPhoneSimulator.ActiveCfg = Release|x86
		{3D9D83A1-81EB-47AC-AAC9-3936AB32E664}.Ad-Hoc|iPhoneSimulator.Build.0 = Release|x86
		{3D9D83A1-81EB-47AC-AAC9-3936AB32E664}.Ad-Hoc|iPhoneSimulator.Deploy.0 = Release|x86
		{3D9D83A1-81EB-47AC-AAC9-3936AB32E664}.Ad-Hoc|x64.ActiveCfg = Release|x64
		{3D9D83A1-81EB-47AC-AAC9-3936AB32E664}.Ad-Hoc|x64.Build.0 = Release|x64
		{3D9D83A1-81EB-47AC-AAC9-3936AB32E664}.Ad-Hoc|x64.Deploy.0 = Release|x64
		{3D9D83A1-81EB-47AC-AAC9-3936AB32E664}.Ad-Hoc|x86.ActiveCfg = Release|x86
		{3D9D83A1-81EB-47AC-AAC9-3936AB32E664}.Ad-Hoc|x86.Build.0 = Release|x86
		{3D9D83A1-81EB-47AC-AAC9-3936AB32E664}.Ad-Hoc|x86.Deploy.0 = Release|x86
		{3D9D83A1-81EB-47AC-AAC9-3936AB32E664}.AppStore|Any CPU.ActiveCfg = Release|x86
		{3D9D83A1-81EB-47AC-AAC9-3936AB32E664}.AppStore|Any CPU.Build.0 = Release|x86
		{3D9D83A1-81EB-47AC-AAC9-3936AB32E664}.AppStore|Any CPU.Deploy.0 = Release|x86
		{3D9D83A1-81EB-47AC-AAC9-3936AB32E664}.AppStore|ARM.ActiveCfg = Release|ARM
		{3D9D83A1-81EB-47AC-AAC9-3936AB32E664}.AppStore|ARM.Build.0 = Release|ARM
		{3D9D83A1-81EB-47AC-AAC9-3936AB32E664}.AppStore|ARM.Deploy.0 = Release|ARM
		{3D9D83A1-81EB-47AC-AAC9-3936AB32E664}.AppStore|iPhone.ActiveCfg = Release|x86
		{3D9D83A1-81EB-47AC-AAC9-3936AB32E664}.AppStore|iPhone.Build.0 = Release|x86
		{3D9D83A1-81EB-47AC-AAC9-3936AB32E664}.AppStore|iPhone.Deploy.0 = Release|x86
		{3D9D83A1-81EB-47AC-AAC9-3936AB32E664}.AppStore|iPhoneSimulator.ActiveCfg = Release|x86
		{3D9D83A1-81EB-47AC-AAC9-3936AB32E664}.AppStore|iPhoneSimulator.Build.0 = Release|x86
		{3D9D83A1-81EB-47AC-AAC9-3936AB32E664}.AppStore|iPhoneSimulator.Deploy.0 = Release|x86
		{3D9D83A1-81EB-47AC-AAC9-3936AB32E664}.AppStore|x64.ActiveCfg = Release|x64
		{3D9D83A1-81EB-47AC-AAC9-3936AB32E664}.AppStore|x64.Build.0 = Release|x64
		{3D9D83A1-81EB-47AC-AAC9-3936AB32E664}.AppStore|x64.Deploy.0 = Release|x64
		{3D9D83A1-81EB-47AC-AAC9-3936AB32E664}.AppStore|x86.ActiveCfg = Release|x86
		{3D9D83A1-81EB-47AC-AAC9-3936AB32E664}.AppStore|x86.Build.0 = Release|x86
		{3D9D83A1-81EB-47AC-AAC9-3936AB32E664}.AppStore|x86.Deploy.0 = Release|x86
		{3D9D83A1-81EB-47AC-AAC9-3936AB32E664}.Debug|Any CPU.ActiveCfg = Debug|x86
		{3D9D83A1-81EB-47AC-AAC9-3936AB32E664}.Debug|Any CPU.Build.0 = Debug|x86
		{3D9D83A1-81EB-47AC-AAC9-3936AB32E664}.Debug|Any CPU.Deploy.0 = Debug|x86
		{3D9D83A1-81EB-47AC-AAC9-3936AB32E664}.Debug|ARM.ActiveCfg = Debug|ARM
		{3D9D83A1-81EB-47AC-AAC9-3936AB32E664}.Debug|ARM.Build.0 = Debug|ARM
		{3D9D83A1-81EB-47AC-AAC9-3936AB32E664}.Debug|ARM.Deploy.0 = Debug|ARM
		{3D9D83A1-81EB-47AC-AAC9-3936AB32E664}.Debug|iPhone.ActiveCfg = Debug|x86
		{3D9D83A1-81EB-47AC-AAC9-3936AB32E664}.Debug|iPhoneSimulator.ActiveCfg = Debug|x86
		{3D9D83A1-81EB-47AC-AAC9-3936AB32E664}.Debug|x64.ActiveCfg = Debug|x64
		{3D9D83A1-81EB-47AC-AAC9-3936AB32E664}.Debug|x64.Build.0 = Debug|x64
		{3D9D83A1-81EB-47AC-AAC9-3936AB32E664}.Debug|x64.Deploy.0 = Debug|x64
		{3D9D83A1-81EB-47AC-AAC9-3936AB32E664}.Debug|x86.ActiveCfg = Debug|x86
		{3D9D83A1-81EB-47AC-AAC9-3936AB32E664}.Debug|x86.Build.0 = Debug|x86
		{3D9D83A1-81EB-47AC-AAC9-3936AB32E664}.Debug|x86.Deploy.0 = Debug|x86
		{3D9D83A1-81EB-47AC-AAC9-3936AB32E664}.Release|Any CPU.ActiveCfg = Release|x86
		{3D9D83A1-81EB-47AC-AAC9-3936AB32E664}.Release|ARM.ActiveCfg = Release|ARM
		{3D9D83A1-81EB-47AC-AAC9-3936AB32E664}.Release|ARM.Build.0 = Release|ARM
		{3D9D83A1-81EB-47AC-AAC9-3936AB32E664}.Release|ARM.Deploy.0 = Release|ARM
		{3D9D83A1-81EB-47AC-AAC9-3936AB32E664}.Release|iPhone.ActiveCfg = Release|x86
		{3D9D83A1-81EB-47AC-AAC9-3936AB32E664}.Release|iPhoneSimulator.ActiveCfg = Release|x86
		{3D9D83A1-81EB-47AC-AAC9-3936AB32E664}.Release|x64.ActiveCfg = Release|x64
		{3D9D83A1-81EB-47AC-AAC9-3936AB32E664}.Release|x64.Build.0 = Release|x64
		{3D9D83A1-81EB-47AC-AAC9-3936AB32E664}.Release|x64.Deploy.0 = Release|x64
		{3D9D83A1-81EB-47AC-AAC9-3936AB32E664}.Release|x86.ActiveCfg = Release|x86
		{3D9D83A1-81EB-47AC-AAC9-3936AB32E664}.Release|x86.Build.0 = Release|x86
		{3D9D83A1-81EB-47AC-AAC9-3936AB32E664}.Release|x86.Deploy.0 = Release|x86
		{3F4B5332-CDE5-4D0B-B1A9-D2D31A6DA9C0}.Ad-Hoc|Any CPU.ActiveCfg = Release|Any CPU
		{3F4B5332-CDE5-4D0B-B1A9-D2D31A6DA9C0}.Ad-Hoc|Any CPU.Build.0 = Release|Any CPU
		{3F4B5332-CDE5-4D0B-B1A9-D2D31A6DA9C0}.Ad-Hoc|Any CPU.Deploy.0 = Release|Any CPU
		{3F4B5332-CDE5-4D0B-B1A9-D2D31A6DA9C0}.Ad-Hoc|ARM.ActiveCfg = Release|ARM
		{3F4B5332-CDE5-4D0B-B1A9-D2D31A6DA9C0}.Ad-Hoc|ARM.Build.0 = Release|ARM
		{3F4B5332-CDE5-4D0B-B1A9-D2D31A6DA9C0}.Ad-Hoc|ARM.Deploy.0 = Release|ARM
		{3F4B5332-CDE5-4D0B-B1A9-D2D31A6DA9C0}.Ad-Hoc|iPhone.ActiveCfg = Release|Any CPU
		{3F4B5332-CDE5-4D0B-B1A9-D2D31A6DA9C0}.Ad-Hoc|iPhone.Build.0 = Release|Any CPU
		{3F4B5332-CDE5-4D0B-B1A9-D2D31A6DA9C0}.Ad-Hoc|iPhone.Deploy.0 = Release|Any CPU
		{3F4B5332-CDE5-4D0B-B1A9-D2D31A6DA9C0}.Ad-Hoc|iPhoneSimulator.ActiveCfg = Release|Any CPU
		{3F4B5332-CDE5-4D0B-B1A9-D2D31A6DA9C0}.Ad-Hoc|iPhoneSimulator.Build.0 = Release|Any CPU
		{3F4B5332-CDE5-4D0B-B1A9-D2D31A6DA9C0}.Ad-Hoc|iPhoneSimulator.Deploy.0 = Release|Any CPU
		{3F4B5332-CDE5-4D0B-B1A9-D2D31A6DA9C0}.Ad-Hoc|x64.ActiveCfg = Release|x64
		{3F4B5332-CDE5-4D0B-B1A9-D2D31A6DA9C0}.Ad-Hoc|x64.Build.0 = Release|x64
		{3F4B5332-CDE5-4D0B-B1A9-D2D31A6DA9C0}.Ad-Hoc|x64.Deploy.0 = Release|x64
		{3F4B5332-CDE5-4D0B-B1A9-D2D31A6DA9C0}.Ad-Hoc|x86.ActiveCfg = Release|x86
		{3F4B5332-CDE5-4D0B-B1A9-D2D31A6DA9C0}.Ad-Hoc|x86.Build.0 = Release|x86
		{3F4B5332-CDE5-4D0B-B1A9-D2D31A6DA9C0}.Ad-Hoc|x86.Deploy.0 = Release|x86
		{3F4B5332-CDE5-4D0B-B1A9-D2D31A6DA9C0}.AppStore|Any CPU.ActiveCfg = Release|Any CPU
		{3F4B5332-CDE5-4D0B-B1A9-D2D31A6DA9C0}.AppStore|Any CPU.Build.0 = Release|Any CPU
		{3F4B5332-CDE5-4D0B-B1A9-D2D31A6DA9C0}.AppStore|Any CPU.Deploy.0 = Release|Any CPU
		{3F4B5332-CDE5-4D0B-B1A9-D2D31A6DA9C0}.AppStore|ARM.ActiveCfg = Release|ARM
		{3F4B5332-CDE5-4D0B-B1A9-D2D31A6DA9C0}.AppStore|ARM.Build.0 = Release|ARM
		{3F4B5332-CDE5-4D0B-B1A9-D2D31A6DA9C0}.AppStore|ARM.Deploy.0 = Release|ARM
		{3F4B5332-CDE5-4D0B-B1A9-D2D31A6DA9C0}.AppStore|iPhone.ActiveCfg = Release|Any CPU
		{3F4B5332-CDE5-4D0B-B1A9-D2D31A6DA9C0}.AppStore|iPhone.Build.0 = Release|Any CPU
		{3F4B5332-CDE5-4D0B-B1A9-D2D31A6DA9C0}.AppStore|iPhone.Deploy.0 = Release|Any CPU
		{3F4B5332-CDE5-4D0B-B1A9-D2D31A6DA9C0}.AppStore|iPhoneSimulator.ActiveCfg = Release|Any CPU
		{3F4B5332-CDE5-4D0B-B1A9-D2D31A6DA9C0}.AppStore|iPhoneSimulator.Build.0 = Release|Any CPU
		{3F4B5332-CDE5-4D0B-B1A9-D2D31A6DA9C0}.AppStore|iPhoneSimulator.Deploy.0 = Release|Any CPU
		{3F4B5332-CDE5-4D0B-B1A9-D2D31A6DA9C0}.AppStore|x64.ActiveCfg = Release|x64
		{3F4B5332-CDE5-4D0B-B1A9-D2D31A6DA9C0}.AppStore|x64.Build.0 = Release|x64
		{3F4B5332-CDE5-4D0B-B1A9-D2D31A6DA9C0}.AppStore|x64.Deploy.0 = Release|x64
		{3F4B5332-CDE5-4D0B-B1A9-D2D31A6DA9C0}.AppStore|x86.ActiveCfg = Release|x86
		{3F4B5332-CDE5-4D0B-B1A9-D2D31A6DA9C0}.AppStore|x86.Build.0 = Release|x86
		{3F4B5332-CDE5-4D0B-B1A9-D2D31A6DA9C0}.AppStore|x86.Deploy.0 = Release|x86
		{3F4B5332-CDE5-4D0B-B1A9-D2D31A6DA9C0}.Debug|Any CPU.ActiveCfg = Debug|Any CPU
		{3F4B5332-CDE5-4D0B-B1A9-D2D31A6DA9C0}.Debug|Any CPU.Build.0 = Debug|Any CPU
		{3F4B5332-CDE5-4D0B-B1A9-D2D31A6DA9C0}.Debug|Any CPU.Deploy.0 = Debug|Any CPU
		{3F4B5332-CDE5-4D0B-B1A9-D2D31A6DA9C0}.Debug|ARM.ActiveCfg = Debug|ARM
		{3F4B5332-CDE5-4D0B-B1A9-D2D31A6DA9C0}.Debug|ARM.Build.0 = Debug|ARM
		{3F4B5332-CDE5-4D0B-B1A9-D2D31A6DA9C0}.Debug|ARM.Deploy.0 = Debug|ARM
		{3F4B5332-CDE5-4D0B-B1A9-D2D31A6DA9C0}.Debug|iPhone.ActiveCfg = Debug|Any CPU
		{3F4B5332-CDE5-4D0B-B1A9-D2D31A6DA9C0}.Debug|iPhone.Build.0 = Debug|Any CPU
		{3F4B5332-CDE5-4D0B-B1A9-D2D31A6DA9C0}.Debug|iPhone.Deploy.0 = Debug|Any CPU
		{3F4B5332-CDE5-4D0B-B1A9-D2D31A6DA9C0}.Debug|iPhoneSimulator.ActiveCfg = Debug|Any CPU
		{3F4B5332-CDE5-4D0B-B1A9-D2D31A6DA9C0}.Debug|iPhoneSimulator.Build.0 = Debug|Any CPU
		{3F4B5332-CDE5-4D0B-B1A9-D2D31A6DA9C0}.Debug|iPhoneSimulator.Deploy.0 = Debug|Any CPU
		{3F4B5332-CDE5-4D0B-B1A9-D2D31A6DA9C0}.Debug|x64.ActiveCfg = Debug|x64
		{3F4B5332-CDE5-4D0B-B1A9-D2D31A6DA9C0}.Debug|x64.Build.0 = Debug|x64
		{3F4B5332-CDE5-4D0B-B1A9-D2D31A6DA9C0}.Debug|x64.Deploy.0 = Debug|x64
		{3F4B5332-CDE5-4D0B-B1A9-D2D31A6DA9C0}.Debug|x86.ActiveCfg = Debug|x86
		{3F4B5332-CDE5-4D0B-B1A9-D2D31A6DA9C0}.Debug|x86.Build.0 = Debug|x86
		{3F4B5332-CDE5-4D0B-B1A9-D2D31A6DA9C0}.Debug|x86.Deploy.0 = Debug|x86
		{3F4B5332-CDE5-4D0B-B1A9-D2D31A6DA9C0}.Release|Any CPU.ActiveCfg = Release|Any CPU
		{3F4B5332-CDE5-4D0B-B1A9-D2D31A6DA9C0}.Release|Any CPU.Build.0 = Release|Any CPU
		{3F4B5332-CDE5-4D0B-B1A9-D2D31A6DA9C0}.Release|Any CPU.Deploy.0 = Release|Any CPU
		{3F4B5332-CDE5-4D0B-B1A9-D2D31A6DA9C0}.Release|ARM.ActiveCfg = Release|ARM
		{3F4B5332-CDE5-4D0B-B1A9-D2D31A6DA9C0}.Release|ARM.Build.0 = Release|ARM
		{3F4B5332-CDE5-4D0B-B1A9-D2D31A6DA9C0}.Release|ARM.Deploy.0 = Release|ARM
		{3F4B5332-CDE5-4D0B-B1A9-D2D31A6DA9C0}.Release|iPhone.ActiveCfg = Release|Any CPU
		{3F4B5332-CDE5-4D0B-B1A9-D2D31A6DA9C0}.Release|iPhone.Build.0 = Release|Any CPU
		{3F4B5332-CDE5-4D0B-B1A9-D2D31A6DA9C0}.Release|iPhone.Deploy.0 = Release|Any CPU
		{3F4B5332-CDE5-4D0B-B1A9-D2D31A6DA9C0}.Release|iPhoneSimulator.ActiveCfg = Release|Any CPU
		{3F4B5332-CDE5-4D0B-B1A9-D2D31A6DA9C0}.Release|iPhoneSimulator.Build.0 = Release|Any CPU
		{3F4B5332-CDE5-4D0B-B1A9-D2D31A6DA9C0}.Release|iPhoneSimulator.Deploy.0 = Release|Any CPU
		{3F4B5332-CDE5-4D0B-B1A9-D2D31A6DA9C0}.Release|x64.ActiveCfg = Release|x64
		{3F4B5332-CDE5-4D0B-B1A9-D2D31A6DA9C0}.Release|x64.Build.0 = Release|x64
		{3F4B5332-CDE5-4D0B-B1A9-D2D31A6DA9C0}.Release|x64.Deploy.0 = Release|x64
		{3F4B5332-CDE5-4D0B-B1A9-D2D31A6DA9C0}.Release|x86.ActiveCfg = Release|x86
		{3F4B5332-CDE5-4D0B-B1A9-D2D31A6DA9C0}.Release|x86.Build.0 = Release|x86
		{3F4B5332-CDE5-4D0B-B1A9-D2D31A6DA9C0}.Release|x86.Deploy.0 = Release|x86
		{F4EB55A1-FDD0-4B79-AAD1-9587FABB2F7B}.Ad-Hoc|Any CPU.ActiveCfg = Release|Any CPU
		{F4EB55A1-FDD0-4B79-AAD1-9587FABB2F7B}.Ad-Hoc|Any CPU.Build.0 = Release|Any CPU
		{F4EB55A1-FDD0-4B79-AAD1-9587FABB2F7B}.Ad-Hoc|ARM.ActiveCfg = Release|Any CPU
		{F4EB55A1-FDD0-4B79-AAD1-9587FABB2F7B}.Ad-Hoc|ARM.Build.0 = Release|Any CPU
		{F4EB55A1-FDD0-4B79-AAD1-9587FABB2F7B}.Ad-Hoc|iPhone.ActiveCfg = Release|Any CPU
		{F4EB55A1-FDD0-4B79-AAD1-9587FABB2F7B}.Ad-Hoc|iPhone.Build.0 = Release|Any CPU
		{F4EB55A1-FDD0-4B79-AAD1-9587FABB2F7B}.Ad-Hoc|iPhoneSimulator.ActiveCfg = Release|Any CPU
		{F4EB55A1-FDD0-4B79-AAD1-9587FABB2F7B}.Ad-Hoc|iPhoneSimulator.Build.0 = Release|Any CPU
		{F4EB55A1-FDD0-4B79-AAD1-9587FABB2F7B}.Ad-Hoc|x64.ActiveCfg = Release|Any CPU
		{F4EB55A1-FDD0-4B79-AAD1-9587FABB2F7B}.Ad-Hoc|x64.Build.0 = Release|Any CPU
		{F4EB55A1-FDD0-4B79-AAD1-9587FABB2F7B}.Ad-Hoc|x86.ActiveCfg = Release|Any CPU
		{F4EB55A1-FDD0-4B79-AAD1-9587FABB2F7B}.Ad-Hoc|x86.Build.0 = Release|Any CPU
		{F4EB55A1-FDD0-4B79-AAD1-9587FABB2F7B}.AppStore|Any CPU.ActiveCfg = Release|Any CPU
		{F4EB55A1-FDD0-4B79-AAD1-9587FABB2F7B}.AppStore|Any CPU.Build.0 = Release|Any CPU
		{F4EB55A1-FDD0-4B79-AAD1-9587FABB2F7B}.AppStore|ARM.ActiveCfg = Release|Any CPU
		{F4EB55A1-FDD0-4B79-AAD1-9587FABB2F7B}.AppStore|ARM.Build.0 = Release|Any CPU
		{F4EB55A1-FDD0-4B79-AAD1-9587FABB2F7B}.AppStore|iPhone.ActiveCfg = Release|Any CPU
		{F4EB55A1-FDD0-4B79-AAD1-9587FABB2F7B}.AppStore|iPhone.Build.0 = Release|Any CPU
		{F4EB55A1-FDD0-4B79-AAD1-9587FABB2F7B}.AppStore|iPhoneSimulator.ActiveCfg = Release|Any CPU
		{F4EB55A1-FDD0-4B79-AAD1-9587FABB2F7B}.AppStore|iPhoneSimulator.Build.0 = Release|Any CPU
		{F4EB55A1-FDD0-4B79-AAD1-9587FABB2F7B}.AppStore|x64.ActiveCfg = Release|Any CPU
		{F4EB55A1-FDD0-4B79-AAD1-9587FABB2F7B}.AppStore|x64.Build.0 = Release|Any CPU
		{F4EB55A1-FDD0-4B79-AAD1-9587FABB2F7B}.AppStore|x86.ActiveCfg = Release|Any CPU
		{F4EB55A1-FDD0-4B79-AAD1-9587FABB2F7B}.AppStore|x86.Build.0 = Release|Any CPU
		{F4EB55A1-FDD0-4B79-AAD1-9587FABB2F7B}.Debug|Any CPU.ActiveCfg = Debug|Any CPU
		{F4EB55A1-FDD0-4B79-AAD1-9587FABB2F7B}.Debug|Any CPU.Build.0 = Debug|Any CPU
		{F4EB55A1-FDD0-4B79-AAD1-9587FABB2F7B}.Debug|ARM.ActiveCfg = Debug|Any CPU
		{F4EB55A1-FDD0-4B79-AAD1-9587FABB2F7B}.Debug|ARM.Build.0 = Debug|Any CPU
		{F4EB55A1-FDD0-4B79-AAD1-9587FABB2F7B}.Debug|iPhone.ActiveCfg = Debug|Any CPU
		{F4EB55A1-FDD0-4B79-AAD1-9587FABB2F7B}.Debug|iPhone.Build.0 = Debug|Any CPU
		{F4EB55A1-FDD0-4B79-AAD1-9587FABB2F7B}.Debug|iPhoneSimulator.ActiveCfg = Debug|Any CPU
		{F4EB55A1-FDD0-4B79-AAD1-9587FABB2F7B}.Debug|iPhoneSimulator.Build.0 = Debug|Any CPU
		{F4EB55A1-FDD0-4B79-AAD1-9587FABB2F7B}.Debug|x64.ActiveCfg = Debug|Any CPU
		{F4EB55A1-FDD0-4B79-AAD1-9587FABB2F7B}.Debug|x64.Build.0 = Debug|Any CPU
		{F4EB55A1-FDD0-4B79-AAD1-9587FABB2F7B}.Debug|x86.ActiveCfg = Debug|Any CPU
		{F4EB55A1-FDD0-4B79-AAD1-9587FABB2F7B}.Debug|x86.Build.0 = Debug|Any CPU
		{F4EB55A1-FDD0-4B79-AAD1-9587FABB2F7B}.Release|Any CPU.ActiveCfg = Release|Any CPU
		{F4EB55A1-FDD0-4B79-AAD1-9587FABB2F7B}.Release|Any CPU.Build.0 = Release|Any CPU
		{F4EB55A1-FDD0-4B79-AAD1-9587FABB2F7B}.Release|ARM.ActiveCfg = Release|Any CPU
		{F4EB55A1-FDD0-4B79-AAD1-9587FABB2F7B}.Release|ARM.Build.0 = Release|Any CPU
		{F4EB55A1-FDD0-4B79-AAD1-9587FABB2F7B}.Release|iPhone.ActiveCfg = Release|Any CPU
		{F4EB55A1-FDD0-4B79-AAD1-9587FABB2F7B}.Release|iPhone.Build.0 = Release|Any CPU
		{F4EB55A1-FDD0-4B79-AAD1-9587FABB2F7B}.Release|iPhoneSimulator.ActiveCfg = Release|Any CPU
		{F4EB55A1-FDD0-4B79-AAD1-9587FABB2F7B}.Release|iPhoneSimulator.Build.0 = Release|Any CPU
		{F4EB55A1-FDD0-4B79-AAD1-9587FABB2F7B}.Release|x64.ActiveCfg = Release|Any CPU
		{F4EB55A1-FDD0-4B79-AAD1-9587FABB2F7B}.Release|x64.Build.0 = Release|Any CPU
		{F4EB55A1-FDD0-4B79-AAD1-9587FABB2F7B}.Release|x86.ActiveCfg = Release|Any CPU
		{F4EB55A1-FDD0-4B79-AAD1-9587FABB2F7B}.Release|x86.Build.0 = Release|Any CPU
	EndGlobalSection
	GlobalSection(SolutionProperties) = preSolution
		HideSolutionNode = FALSE
	EndGlobalSection
EndGlobal
