
Microsoft Visual Studio Solution File, Format Version 12.00
# Visual Studio 14
VisualStudioVersion = 14.0.23107.0
MinimumVisualStudioVersion = 10.0.40219.1
Project("{FAE04EC0-301F-11D3-BF4B-00C04F79EFBC}") = "Security.Plugin", "Security.Plugin\Security.Plugin.csproj", "{B79AA3F7-8C39-47B4-BFA9-5F3E8B8B69D7}"
EndProject
Project("{FAE04EC0-301F-11D3-BF4B-00C04F79EFBC}") = "Security.Plugin.Abstractions", "Security.Plugin.Abstractions\Security.Plugin.Abstractions.csproj", "{E1C5B086-02B8-43B6-A6D1-B1FB34B9A35D}"
EndProject
Project("{FAE04EC0-301F-11D3-BF4B-00C04F79EFBC}") = "Security.Plugin.WindowsUniversal", "Security.Plugin.WindowsUniversal\Security.Plugin.WindowsUniversal.csproj", "{FBAA54CB-839B-4579-8724-20E3AC9D650E}"
EndProject
Project("{FAE04EC0-301F-11D3-BF4B-00C04F79EFBC}") = "Security.Plugin.Android", "Security.Plugin.Android\Security.Plugin.Android.csproj", "{B12D3B99-8ADA-4FE9-A17A-984771CD1657}"
EndProject
Global
	GlobalSection(SolutionConfigurationPlatforms) = preSolution
		Debug|Any CPU = Debug|Any CPU
		Debug|ARM = Debug|ARM
		Debug|x64 = Debug|x64
		Debug|x86 = Debug|x86
		Release|Any CPU = Release|Any CPU
		Release|ARM = Release|ARM
		Release|x64 = Release|x64
		Release|x86 = Release|x86
	EndGlobalSection
	GlobalSection(ProjectConfigurationPlatforms) = postSolution
		{B79AA3F7-8C39-47B4-BFA9-5F3E8B8B69D7}.Debug|Any CPU.ActiveCfg = Debug|Any CPU
		{B79AA3F7-8C39-47B4-BFA9-5F3E8B8B69D7}.Debug|Any CPU.Build.0 = Debug|Any CPU
		{B79AA3F7-8C39-47B4-BFA9-5F3E8B8B69D7}.Debug|ARM.ActiveCfg = Debug|Any CPU
		{B79AA3F7-8C39-47B4-BFA9-5F3E8B8B69D7}.Debug|ARM.Build.0 = Debug|Any CPU
		{B79AA3F7-8C39-47B4-BFA9-5F3E8B8B69D7}.Debug|x64.ActiveCfg = Debug|Any CPU
		{B79AA3F7-8C39-47B4-BFA9-5F3E8B8B69D7}.Debug|x64.Build.0 = Debug|Any CPU
		{B79AA3F7-8C39-47B4-BFA9-5F3E8B8B69D7}.Debug|x86.ActiveCfg = Debug|Any CPU
		{B79AA3F7-8C39-47B4-BFA9-5F3E8B8B69D7}.Debug|x86.Build.0 = Debug|Any CPU
		{B79AA3F7-8C39-47B4-BFA9-5F3E8B8B69D7}.Release|Any CPU.ActiveCfg = Release|Any CPU
		{B79AA3F7-8C39-47B4-BFA9-5F3E8B8B69D7}.Release|Any CPU.Build.0 = Release|Any CPU
		{B79AA3F7-8C39-47B4-BFA9-5F3E8B8B69D7}.Release|ARM.ActiveCfg = Release|Any CPU
		{B79AA3F7-8C39-47B4-BFA9-5F3E8B8B69D7}.Release|ARM.Build.0 = Release|Any CPU
		{B79AA3F7-8C39-47B4-BFA9-5F3E8B8B69D7}.Release|x64.ActiveCfg = Release|Any CPU
		{B79AA3F7-8C39-47B4-BFA9-5F3E8B8B69D7}.Release|x64.Build.0 = Release|Any CPU
		{B79AA3F7-8C39-47B4-BFA9-5F3E8B8B69D7}.Release|x86.ActiveCfg = Release|Any CPU
		{B79AA3F7-8C39-47B4-BFA9-5F3E8B8B69D7}.Release|x86.Build.0 = Release|Any CPU
		{E1C5B086-02B8-43B6-A6D1-B1FB34B9A35D}.Debug|Any CPU.ActiveCfg = Debug|Any CPU
		{E1C5B086-02B8-43B6-A6D1-B1FB34B9A35D}.Debug|Any CPU.Build.0 = Debug|Any CPU
		{E1C5B086-02B8-43B6-A6D1-B1FB34B9A35D}.Debug|ARM.ActiveCfg = Debug|Any CPU
		{E1C5B086-02B8-43B6-A6D1-B1FB34B9A35D}.Debug|ARM.Build.0 = Debug|Any CPU
		{E1C5B086-02B8-43B6-A6D1-B1FB34B9A35D}.Debug|x64.ActiveCfg = Debug|Any CPU
		{E1C5B086-02B8-43B6-A6D1-B1FB34B9A35D}.Debug|x64.Build.0 = Debug|Any CPU
		{E1C5B086-02B8-43B6-A6D1-B1FB34B9A35D}.Debug|x86.ActiveCfg = Debug|Any CPU
		{E1C5B086-02B8-43B6-A6D1-B1FB34B9A35D}.Debug|x86.Build.0 = Debug|Any CPU
		{E1C5B086-02B8-43B6-A6D1-B1FB34B9A35D}.Release|Any CPU.ActiveCfg = Release|Any CPU
		{E1C5B086-02B8-43B6-A6D1-B1FB34B9A35D}.Release|Any CPU.Build.0 = Release|Any CPU
		{E1C5B086-02B8-43B6-A6D1-B1FB34B9A35D}.Release|ARM.ActiveCfg = Release|Any CPU
		{E1C5B086-02B8-43B6-A6D1-B1FB34B9A35D}.Release|ARM.Build.0 = Release|Any CPU
		{E1C5B086-02B8-43B6-A6D1-B1FB34B9A35D}.Release|x64.ActiveCfg = Release|Any CPU
		{E1C5B086-02B8-43B6-A6D1-B1FB34B9A35D}.Release|x64.Build.0 = Release|Any CPU
		{E1C5B086-02B8-43B6-A6D1-B1FB34B9A35D}.Release|x86.ActiveCfg = Release|Any CPU
		{E1C5B086-02B8-43B6-A6D1-B1FB34B9A35D}.Release|x86.Build.0 = Release|Any CPU
		{FBAA54CB-839B-4579-8724-20E3AC9D650E}.Debug|Any CPU.ActiveCfg = Debug|Any CPU
		{FBAA54CB-839B-4579-8724-20E3AC9D650E}.Debug|Any CPU.Build.0 = Debug|Any CPU
		{FBAA54CB-839B-4579-8724-20E3AC9D650E}.Debug|ARM.ActiveCfg = Debug|ARM
		{FBAA54CB-839B-4579-8724-20E3AC9D650E}.Debug|ARM.Build.0 = Debug|ARM
		{FBAA54CB-839B-4579-8724-20E3AC9D650E}.Debug|x64.ActiveCfg = Debug|x64
		{FBAA54CB-839B-4579-8724-20E3AC9D650E}.Debug|x64.Build.0 = Debug|x64
		{FBAA54CB-839B-4579-8724-20E3AC9D650E}.Debug|x86.ActiveCfg = Debug|x86
		{FBAA54CB-839B-4579-8724-20E3AC9D650E}.Debug|x86.Build.0 = Debug|x86
		{FBAA54CB-839B-4579-8724-20E3AC9D650E}.Release|Any CPU.ActiveCfg = Release|Any CPU
		{FBAA54CB-839B-4579-8724-20E3AC9D650E}.Release|Any CPU.Build.0 = Release|Any CPU
		{FBAA54CB-839B-4579-8724-20E3AC9D650E}.Release|ARM.ActiveCfg = Release|ARM
		{FBAA54CB-839B-4579-8724-20E3AC9D650E}.Release|ARM.Build.0 = Release|ARM
		{FBAA54CB-839B-4579-8724-20E3AC9D650E}.Release|x64.ActiveCfg = Release|x64
		{FBAA54CB-839B-4579-8724-20E3AC9D650E}.Release|x64.Build.0 = Release|x64
		{FBAA54CB-839B-4579-8724-20E3AC9D650E}.Release|x86.ActiveCfg = Release|x86
		{FBAA54CB-839B-4579-8724-20E3AC9D650E}.Release|x86.Build.0 = Release|x86
		{B12D3B99-8ADA-4FE9-A17A-984771CD1657}.Debug|Any CPU.ActiveCfg = Debug|Any CPU
		{B12D3B99-8ADA-4FE9-A17A-984771CD1657}.Debug|Any CPU.Build.0 = Debug|Any CPU
		{B12D3B99-8ADA-4FE9-A17A-984771CD1657}.Debug|ARM.ActiveCfg = Debug|Any CPU
		{B12D3B99-8ADA-4FE9-A17A-984771CD1657}.Debug|ARM.Build.0 = Debug|Any CPU
		{B12D3B99-8ADA-4FE9-A17A-984771CD1657}.Debug|x64.ActiveCfg = Debug|Any CPU
		{B12D3B99-8ADA-4FE9-A17A-984771CD1657}.Debug|x64.Build.0 = Debug|Any CPU
		{B12D3B99-8ADA-4FE9-A17A-984771CD1657}.Debug|x86.ActiveCfg = Debug|Any CPU
		{B12D3B99-8ADA-4FE9-A17A-984771CD1657}.Debug|x86.Build.0 = Debug|Any CPU
		{B12D3B99-8ADA-4FE9-A17A-984771CD1657}.Release|Any CPU.ActiveCfg = Release|Any CPU
		{B12D3B99-8ADA-4FE9-A17A-984771CD1657}.Release|Any CPU.Build.0 = Release|Any CPU
		{B12D3B99-8ADA-4FE9-A17A-984771CD1657}.Release|ARM.ActiveCfg = Release|Any CPU
		{B12D3B99-8ADA-4FE9-A17A-984771CD1657}.Release|ARM.Build.0 = Release|Any CPU
		{B12D3B99-8ADA-4FE9-A17A-984771CD1657}.Release|x64.ActiveCfg = Release|Any CPU
		{B12D3B99-8ADA-4FE9-A17A-984771CD1657}.Release|x64.Build.0 = Release|Any CPU
		{B12D3B99-8ADA-4FE9-A17A-984771CD1657}.Release|x86.ActiveCfg = Release|Any CPU
		{B12D3B99-8ADA-4FE9-A17A-984771CD1657}.Release|x86.Build.0 = Release|Any CPU
	EndGlobalSection
	GlobalSection(SolutionProperties) = preSolution
		HideSolutionNode = FALSE
	EndGlobalSection
EndGlobal
